
Microsoft Visual Studio Solution File, Format Version 12.00
# Visual Studio 15
VisualStudioVersion = 15.0.28010.2048
MinimumVisualStudioVersion = 10.0.40219.1
Project("{FAE04EC0-301F-11D3-BF4B-00C04F79EFBC}") = "SelfImprovment", "SelfImprovment\SelfImprovment.csproj", "{21C93F5C-0013-4529-9087-028AD9ACDD1A}"
EndProject
Project("{FAE04EC0-301F-11D3-BF4B-00C04F79EFBC}") = "SelfImprovment.Core", "SelfImprovment.Core\SelfImprovment.Core.csproj", "{D6E0D7CF-4488-46E4-B482-E5CFC294CA57}"
EndProject
Project("{FAE04EC0-301F-11D3-BF4B-00C04F79EFBC}") = "SelfImprovment.Persistence", "SelfImprovment.Persistence\SelfImprovment.Persistence.csproj", "{ED17E5CB-8232-44D7-AC85-442FE4EF2AD4}"
EndProject
Project("{00D1A9C2-B5F0-4AF3-8072-F6C62B433612}") = "SelfImprovment.Schema", "SelfImprovment.Schema\SelfImprovment.Schema.sqlproj", "{C9B91079-3A09-4C11-8315-08ACD6E172AB}"
EndProject
Global
	GlobalSection(SolutionConfigurationPlatforms) = preSolution
		Debug|Any CPU = Debug|Any CPU
		Release|Any CPU = Release|Any CPU
	EndGlobalSection
	GlobalSection(ProjectConfigurationPlatforms) = postSolution
		{21C93F5C-0013-4529-9087-028AD9ACDD1A}.Debug|Any CPU.ActiveCfg = Debug|Any CPU
		{21C93F5C-0013-4529-9087-028AD9ACDD1A}.Debug|Any CPU.Build.0 = Debug|Any CPU
		{21C93F5C-0013-4529-9087-028AD9ACDD1A}.Release|Any CPU.ActiveCfg = Release|Any CPU
		{21C93F5C-0013-4529-9087-028AD9ACDD1A}.Release|Any CPU.Build.0 = Release|Any CPU
		{D6E0D7CF-4488-46E4-B482-E5CFC294CA57}.Debug|Any CPU.ActiveCfg = Debug|Any CPU
		{D6E0D7CF-4488-46E4-B482-E5CFC294CA57}.Debug|Any CPU.Build.0 = Debug|Any CPU
		{D6E0D7CF-4488-46E4-B482-E5CFC294CA57}.Release|Any CPU.ActiveCfg = Release|Any CPU
		{D6E0D7CF-4488-46E4-B482-E5CFC294CA57}.Release|Any CPU.Build.0 = Release|Any CPU
		{ED17E5CB-8232-44D7-AC85-442FE4EF2AD4}.Debug|Any CPU.ActiveCfg = Debug|Any CPU
		{ED17E5CB-8232-44D7-AC85-442FE4EF2AD4}.Debug|Any CPU.Build.0 = Debug|Any CPU
		{ED17E5CB-8232-44D7-AC85-442FE4EF2AD4}.Release|Any CPU.ActiveCfg = Release|Any CPU
		{ED17E5CB-8232-44D7-AC85-442FE4EF2AD4}.Release|Any CPU.Build.0 = Release|Any CPU
		{C9B91079-3A09-4C11-8315-08ACD6E172AB}.Debug|Any CPU.ActiveCfg = Debug|Any CPU
		{C9B91079-3A09-4C11-8315-08ACD6E172AB}.Debug|Any CPU.Build.0 = Debug|Any CPU
		{C9B91079-3A09-4C11-8315-08ACD6E172AB}.Debug|Any CPU.Deploy.0 = Debug|Any CPU
		{C9B91079-3A09-4C11-8315-08ACD6E172AB}.Release|Any CPU.ActiveCfg = Release|Any CPU
		{C9B91079-3A09-4C11-8315-08ACD6E172AB}.Release|Any CPU.Build.0 = Release|Any CPU
		{C9B91079-3A09-4C11-8315-08ACD6E172AB}.Release|Any CPU.Deploy.0 = Release|Any CPU
	EndGlobalSection
	GlobalSection(SolutionProperties) = preSolution
		HideSolutionNode = FALSE
	EndGlobalSection
	GlobalSection(ExtensibilityGlobals) = postSolution
		SolutionGuid = {50E04FFE-7567-4A50-8884-3DF50A72D555}
	EndGlobalSection
EndGlobal
